
Microsoft Visual Studio Solution File, Format Version 12.00
# Visual Studio Version 16
VisualStudioVersion = 16.0.29403.142
MinimumVisualStudioVersion = 10.0.40219.1
Project("{FAE04EC0-301F-11D3-BF4B-00C04F79EFBC}") = "WPFPractice-Arca", "WPFPractice-Arca\WPFPractice-Arca.csproj", "{D33AEE93-3728-4A7B-8211-86D79E490889}"
EndProject
Global
	GlobalSection(SolutionConfigurationPlatforms) = preSolution
		Debug|Any CPU = Debug|Any CPU
		Release|Any CPU = Release|Any CPU
	EndGlobalSection
	GlobalSection(ProjectConfigurationPlatforms) = postSolution
		{D33AEE93-3728-4A7B-8211-86D79E490889}.Debug|Any CPU.ActiveCfg = Debug|Any CPU
		{D33AEE93-3728-4A7B-8211-86D79E490889}.Debug|Any CPU.Build.0 = Debug|Any CPU
		{D33AEE93-3728-4A7B-8211-86D79E490889}.Release|Any CPU.ActiveCfg = Release|Any CPU
		{D33AEE93-3728-4A7B-8211-86D79E490889}.Release|Any CPU.Build.0 = Release|Any CPU
	EndGlobalSection
	GlobalSection(SolutionProperties) = preSolution
		HideSolutionNode = FALSE
	EndGlobalSection
	GlobalSection(ExtensibilityGlobals) = postSolution
		SolutionGuid = {69334966-812D-44E3-8488-982FDA8B9CD9}
	EndGlobalSection
EndGlobal
